
Microsoft Visual Studio Solution File, Format Version 12.00
# Visual Studio Version 17
VisualStudioVersion = 17.14.36804.6 d17.14
MinimumVisualStudioVersion = 10.0.40219.1
Project("{FAE04EC0-301F-11D3-BF4B-00C04F79EFBC}") = "PublishingApp", "PublishingApp\PublishingApp.csproj", "{C0C66DE9-016E-4D12-A16E-46265C4CBF75}"
EndProject
Global
	GlobalSection(SolutionConfigurationPlatforms) = preSolution
		Debug|Any CPU = Debug|Any CPU
		Release|Any CPU = Release|Any CPU
	EndGlobalSection
	GlobalSection(ProjectConfigurationPlatforms) = postSolution
		{C0C66DE9-016E-4D12-A16E-46265C4CBF75}.Debug|Any CPU.ActiveCfg = Debug|Any CPU
		{C0C66DE9-016E-4D12-A16E-46265C4CBF75}.Debug|Any CPU.Build.0 = Debug|Any CPU
		{C0C66DE9-016E-4D12-A16E-46265C4CBF75}.Release|Any CPU.ActiveCfg = Release|Any CPU
		{C0C66DE9-016E-4D12-A16E-46265C4CBF75}.Release|Any CPU.Build.0 = Release|Any CPU
	EndGlobalSection
	GlobalSection(SolutionProperties) = preSolution
		HideSolutionNode = FALSE
	EndGlobalSection
	GlobalSection(ExtensibilityGlobals) = postSolution
		SolutionGuid = {6CFACB1E-4C5C-4D53-89F6-FB2AE791895F}
	EndGlobalSection
EndGlobal
